
Microsoft Visual Studio Solution File, Format Version 12.00
# Visual Studio Version 16
VisualStudioVersion = 16.0.31129.286
MinimumVisualStudioVersion = 10.0.40219.1
Project("{FAE04EC0-301F-11D3-BF4B-00C04F79EFBC}") = "praktika3", "praktika3.csproj", "{17E8BA8A-DFCA-447E-B350-EF4CDEB1C676}"
EndProject
Global
	GlobalSection(SolutionConfigurationPlatforms) = preSolution
		Debug|Any CPU = Debug|Any CPU
		Release|Any CPU = Release|Any CPU
	EndGlobalSection
	GlobalSection(ProjectConfigurationPlatforms) = postSolution
		{17E8BA8A-DFCA-447E-B350-EF4CDEB1C676}.Debug|Any CPU.ActiveCfg = Debug|Any CPU
		{17E8BA8A-DFCA-447E-B350-EF4CDEB1C676}.Debug|Any CPU.Build.0 = Debug|Any CPU
		{17E8BA8A-DFCA-447E-B350-EF4CDEB1C676}.Release|Any CPU.ActiveCfg = Release|Any CPU
		{17E8BA8A-DFCA-447E-B350-EF4CDEB1C676}.Release|Any CPU.Build.0 = Release|Any CPU
	EndGlobalSection
	GlobalSection(SolutionProperties) = preSolution
		HideSolutionNode = FALSE
	EndGlobalSection
	GlobalSection(ExtensibilityGlobals) = postSolution
		SolutionGuid = {09DC0E45-6B46-411E-8DCE-022CF6F7DDC4}
	EndGlobalSection
EndGlobal
